{
    "_readme": [
        "This file locks the dependencies of your project to a known state",
        "Read more about it at https://getcomposer.org/doc/01-basic-usage.md#installing-dependencies",
        "This file is @generated automatically"
    ],
    "content-hash": "75635f7c8bde87bb5689201dc646c743",
    "packages": [
        {
            "name": "laminas/laminas-captcha",
            "version": "2.5.3",
            "source": {
                "type": "git",
                "url": "https://github.com/laminas/laminas-captcha.git",
                "reference": "1c5733217498e1f4c87353d2a3356643977142a8"
            },
            "dist": {
                "type": "zip",
                "url": "https://api.github.com/repos/laminas/laminas-captcha/zipball/1c5733217498e1f4c87353d2a3356643977142a8",
                "reference": "1c5733217498e1f4c87353d2a3356643977142a8",
                "shasum": ""
            },
            "require": {
                "laminas/laminas-math": "~2.5",
                "laminas/laminas-stdlib": "~2.5",
                "laminas/laminas-zendframework-bridge": "^1.0",
                "php": ">=5.5"
            },
            "replace": {
                "zendframework/zend-captcha": "self.version"
            },
            "require-dev": {
                "fabpot/php-cs-fixer": "1.7.*",
                "laminas/laminas-recaptcha": "*",
                "laminas/laminas-session": "~2.5",
                "laminas/laminas-text": "~2.5",
                "laminas/laminas-validator": "~2.5",
                "phpunit/phpunit": "~4.0"
            },
            "suggest": {
                "laminas/laminas-i18n-resources": "Translations of captcha messages",
                "laminas/laminas-recaptcha": "Laminas\\ReCaptcha component",
                "laminas/laminas-session": "Laminas\\Session component",
                "laminas/laminas-text": "Laminas\\Text component",
                "laminas/laminas-validator": "Laminas\\Validator component"
            },
            "type": "library",
            "extra": {
                "branch-alias": {
                    "dev-master": "2.5-dev",
                    "dev-develop": "2.6-dev"
                }
            },
            "autoload": {
                "psr-4": {
                    "Laminas\\Captcha\\": "src/"
                }
            },
            "notification-url": "https://packagist.org/downloads/",
            "license": [
                "BSD-3-Clause"
            ],
            "homepage": "https://laminas.dev",
            "keywords": [
                "captcha",
                "laminas"
            ],
            "support": {
                "chat": "https://laminas.dev/chat",
                "docs": "https://docs.laminas.dev/laminas-captcha/",
                "forum": "https://discourse.laminas.dev",
                "issues": "https://github.com/laminas/laminas-captcha/issues",
                "rss": "https://github.com/laminas/laminas-captcha/releases.atom",
                "source": "https://github.com/laminas/laminas-captcha"
            },
            "time": "2019-12-31T16:24:10+00:00"
        },
        {
            "name": "laminas/laminas-hydrator",
            "version": "1.0.0",
            "source": {
                "type": "git",
                "url": "https://github.com/laminas/laminas-hydrator.git",
                "reference": "acab29a3327a70be0a653d88906655b15de15517"
            },
            "dist": {
                "type": "zip",
                "url": "https://api.github.com/repos/laminas/laminas-hydrator/zipball/acab29a3327a70be0a653d88906655b15de15517",
                "reference": "acab29a3327a70be0a653d88906655b15de15517",
                "shasum": ""
            },
            "require": {
                "laminas/laminas-stdlib": "^2.5.1",
                "laminas/laminas-zendframework-bridge": "^1.0",
                "php": ">=5.5"
            },
            "replace": {
                "zendframework/zend-hydrator": "self.version"
            },
            "require-dev": {
                "laminas/laminas-eventmanager": "^2.5.1",
                "laminas/laminas-filter": "^2.5.1",
                "laminas/laminas-inputfilter": "^2.5.1",
                "laminas/laminas-serializer": "^2.5.1",
                "laminas/laminas-servicemanager": "^2.5.1",
                "phpunit/phpunit": "~4.0",
                "squizlabs/php_codesniffer": "^2.0@dev"
            },
            "suggest": {
                "laminas/laminas-eventmanager": "^2.5.1, to support aggregate hydrator usage",
                "laminas/laminas-filter": "^2.5.1, to support naming strategy hydrator usage",
                "laminas/laminas-serializer": "^2.5.1, to use the SerializableStrategy",
                "laminas/laminas-servicemanager": "^2.5.1, to support hydrator plugin manager usage"
            },
            "type": "library",
            "extra": {
                "branch-alias": {
                    "dev-master": "1.0-dev",
                    "dev-develop": "1.1-dev"
                }
            },
            "autoload": {
                "psr-4": {
                    "Laminas\\Hydrator\\": "src/"
                }
            },
            "notification-url": "https://packagist.org/downloads/",
            "license": [
                "BSD-3-Clause"
            ],
            "homepage": "https://laminas.dev",
            "keywords": [
                "hydrator",
                "laminas"
            ],
            "support": {
                "chat": "https://laminas.dev/chat",
                "docs": "https://docs.laminas.dev/laminas-hydrator/",
                "forum": "https://discourse.laminas.dev",
                "issues": "https://github.com/laminas/laminas-hydrator/issues",
                "rss": "https://github.com/laminas/laminas-hydrator/releases.atom",
                "source": "https://github.com/laminas/laminas-hydrator"
            },
            "time": "2019-12-31T17:06:20+00:00"
        },
        {
            "name": "laminas/laminas-math",
            "version": "2.5.2",
            "source": {
                "type": "git",
                "url": "https://github.com/laminas/laminas-math.git",
                "reference": "a493acfc1272e950bed68f3bd13a1000495bd692"
            },
            "dist": {
                "type": "zip",
                "url": "https://api.github.com/repos/laminas/laminas-math/zipball/a493acfc1272e950bed68f3bd13a1000495bd692",
                "reference": "a493acfc1272e950bed68f3bd13a1000495bd692",
                "shasum": ""
            },
            "require": {
                "laminas/laminas-zendframework-bridge": "^1.0",
                "php": ">=5.5"
            },
            "replace": {
                "zendframework/zend-math": "self.version"
            },
            "require-dev": {
                "fabpot/php-cs-fixer": "1.7.*",
                "ircmaxell/random-lib": "~1.1",
                "laminas/laminas-servicemanager": "~2.5",
                "phpunit/phpunit": "~4.0"
            },
            "suggest": {
                "ext-bcmath": "If using the bcmath functionality",
                "ext-gmp": "If using the gmp functionality",
                "ircmaxell/random-lib": "Fallback random byte generator for Laminas\\Math\\Rand if OpenSSL/Mcrypt extensions are unavailable",
                "laminas/laminas-servicemanager": ">= current version, if using the BigInteger::factory functionality"
            },
            "type": "library",
            "extra": {
                "branch-alias": {
                    "dev-master": "2.5-dev",
                    "dev-develop": "2.6-dev"
                }
            },
            "autoload": {
                "psr-4": {
                    "Laminas\\Math\\": "src/"
                }
            },
            "notification-url": "https://packagist.org/downloads/",
            "license": [
                "BSD-3-Clause"
            ],
            "homepage": "https://laminas.dev",
            "keywords": [
                "laminas",
                "math"
            ],
            "support": {
                "chat": "https://laminas.dev/chat",
                "docs": "https://docs.laminas.dev/laminas-math/",
                "forum": "https://discourse.laminas.dev",
                "issues": "https://github.com/laminas/laminas-math/issues",
                "rss": "https://github.com/laminas/laminas-math/releases.atom",
                "source": "https://github.com/laminas/laminas-math"
            },
            "abandoned": true,
            "time": "2019-12-31T17:24:13+00:00"
        },
        {
            "name": "laminas/laminas-stdlib",
            "version": "2.7.4",
            "source": {
                "type": "git",
                "url": "https://github.com/laminas/laminas-stdlib.git",
                "reference": "b69e2741673daabdf720bc76668448ceb1e4c537"
            },
            "dist": {
                "type": "zip",
                "url": "https://api.github.com/repos/laminas/laminas-stdlib/zipball/b69e2741673daabdf720bc76668448ceb1e4c537",
                "reference": "b69e2741673daabdf720bc76668448ceb1e4c537",
                "shasum": ""
            },
            "require": {
                "laminas/laminas-hydrator": "~1.0",
                "laminas/laminas-zendframework-bridge": "^1.0",
                "php": ">=5.5"
            },
            "replace": {
                "zendframework/zend-stdlib": "self.version"
            },
            "require-dev": {
                "athletic/athletic": "~0.1",
                "fabpot/php-cs-fixer": "1.7.*",
                "laminas/laminas-config": "~2.5",
                "laminas/laminas-eventmanager": "~2.5",
                "laminas/laminas-filter": "~2.5",
                "laminas/laminas-inputfilter": "~2.5",
                "laminas/laminas-serializer": "~2.5",
                "laminas/laminas-servicemanager": "~2.5",
                "phpunit/phpunit": "~4.0"
            },
            "suggest": {
                "laminas/laminas-eventmanager": "To support aggregate hydrator usage",
                "laminas/laminas-filter": "To support naming strategy hydrator usage",
                "laminas/laminas-serializer": "Laminas\\Serializer component",
                "laminas/laminas-servicemanager": "To support hydrator plugin manager usage"
            },
            "type": "library",
            "extra": {
                "branch-alias": {
                    "dev-master": "2.7-dev",
                    "dev-develop": "2.8-dev"
                }
            },
            "autoload": {
                "psr-4": {
                    "Laminas\\Stdlib\\": "src/"
                }
            },
            "notification-url": "https://packagist.org/downloads/",
            "license": [
                "BSD-3-Clause"
            ],
            "homepage": "https://laminas.dev",
            "keywords": [
                "laminas",
                "stdlib"
            ],
            "support": {
                "chat": "https://laminas.dev/chat",
                "docs": "https://docs.laminas.dev/laminas-stdlib/",
                "forum": "https://discourse.laminas.dev",
                "issues": "https://github.com/laminas/laminas-stdlib/issues",
                "rss": "https://github.com/laminas/laminas-stdlib/releases.atom",
                "source": "https://github.com/laminas/laminas-stdlib"
            },
            "time": "2019-12-31T17:51:00+00:00"
        },
        {
            "name": "laminas/laminas-zendframework-bridge",
            "version": "1.3.0",
            "source": {
                "type": "git",
                "url": "https://github.com/laminas/laminas-zendframework-bridge.git",
                "reference": "13af2502d9bb6f7d33be2de4b51fb68c6cdb476e"
            },
            "dist": {
                "type": "zip",
                "url": "https://api.github.com/repos/laminas/laminas-zendframework-bridge/zipball/13af2502d9bb6f7d33be2de4b51fb68c6cdb476e",
                "reference": "13af2502d9bb6f7d33be2de4b51fb68c6cdb476e",
                "shasum": ""
            },
            "require": {
                "php": "^7.3 || ^8.0"
            },
            "require-dev": {
                "phpunit/phpunit": "^5.7 || ^6.5 || ^7.5 || ^8.1 || ^9.3",
                "psalm/plugin-phpunit": "^0.15.1",
                "squizlabs/php_codesniffer": "^3.5",
                "vimeo/psalm": "^4.6"
            },
            "type": "library",
            "extra": {
                "laminas": {
                    "module": "Laminas\\ZendFrameworkBridge"
                }
            },
            "autoload": {
                "files": [
                    "src/autoload.php"
                ],
                "psr-4": {
                    "Laminas\\ZendFrameworkBridge\\": "src//"
                }
            },
            "notification-url": "https://packagist.org/downloads/",
            "license": [
                "BSD-3-Clause"
            ],
            "description": "Alias legacy ZF class names to Laminas Project equivalents.",
            "keywords": [
                "ZendFramework",
                "autoloading",
                "laminas",
                "zf"
            ],
            "support": {
                "forum": "https://discourse.laminas.dev/",
                "issues": "https://github.com/laminas/laminas-zendframework-bridge/issues",
                "rss": "https://github.com/laminas/laminas-zendframework-bridge/releases.atom",
                "source": "https://github.com/laminas/laminas-zendframework-bridge"
            },
            "funding": [
                {
                    "url": "https://funding.communitybridge.org/projects/laminas-project",
                    "type": "community_bridge"
                }
            ],
            "abandoned": true,
            "time": "2021-06-24T12:49:22+00:00"
        }
    ],
    "packages-dev": [],
    "aliases": [],
    "minimum-stability": "stable",
    "stability-flags": {},
    "prefer-stable": false,
    "prefer-lowest": false,
    "platform": {},
    "platform-dev": {},
    "plugin-api-version": "2.9.0"
}
